{
  "version": 4,
  "terraform_version": "0.12.1",
  "serial": 138,
  "lineage": "c58e66ae-e1cd-e550-5aff-008487d5e545",
  "outputs": {
    "instance_id": {
      "value": "i-0c25077fac0c3ff50",
      "type": "string"
    },
    "key_pair_id": {
      "value": "key-0d3e9553843b6b605",
      "type": "string"
    },
    "public_ip": {
      "value": "3.65.206.128",
      "type": "string"
    },
    "security_group": {
      "value": "sg-0d9d039012633e8c4",
      "type": "string"
    }
  },
  "resources": [
    {
      "mode": "managed",
      "type": "aws_instance",
      "name": "nat_instance",
      "provider": "provider.aws",
      "instances": [
        {
          "schema_version": 1,
          "attributes": {
            "ami": "ami-04e601abe3e1a910f",
            "arn": "arn:aws:ec2:eu-central-1:431384745395:instance/i-0c25077fac0c3ff50",
            "associate_public_ip_address": true,
            "availability_zone": "eu-central-1a",
            "cpu_core_count": 1,
            "cpu_threads_per_core": 1,
            "credit_specification": [
              {
                "cpu_credits": "standard"
              }
            ],
            "disable_api_termination": false,
            "ebs_block_device": [],
            "ebs_optimized": false,
            "enclave_options": [
              {
                "enabled": false
              }
            ],
            "ephemeral_block_device": [],
            "get_password_data": false,
            "hibernation": false,
            "host_id": null,
            "iam_instance_profile": "",
            "id": "i-0c25077fac0c3ff50",
            "instance_initiated_shutdown_behavior": null,
            "instance_state": "running",
            "instance_type": "t2.micro",
            "ipv6_address_count": 0,
            "ipv6_addresses": [],
            "key_name": "nat_key",
            "metadata_options": [
              {
                "http_endpoint": "enabled",
                "http_put_response_hop_limit": 1,
                "http_tokens": "optional"
              }
            ],
            "monitoring": false,
            "network_interface": [],
            "outpost_arn": "",
            "password_data": "",
            "placement_group": "",
            "primary_network_interface_id": "eni-06c46d01de1825d39",
            "private_dns": "ip-172-31-17-88.eu-central-1.compute.internal",
            "private_ip": "172.31.17.88",
            "public_dns": "ec2-3-65-206-128.eu-central-1.compute.amazonaws.com",
            "public_ip": "3.65.206.128",
            "root_block_device": [
              {
                "delete_on_termination": true,
                "device_name": "/dev/sda1",
                "encrypted": false,
                "iops": 100,
                "kms_key_id": "",
                "tags": {},
                "throughput": 0,
                "volume_id": "vol-0bc595a105633d946",
                "volume_size": 8,
                "volume_type": "gp2"
              }
            ],
            "secondary_private_ips": [],
            "security_groups": [
              "nat_sg"
            ],
            "source_dest_check": true,
            "subnet_id": "subnet-0880fc7f5808e3880",
            "tags": {
              "Name": "nat_instance"
            },
            "tenancy": "default",
            "timeouts": null,
            "user_data": null,
            "user_data_base64": null,
            "volume_tags": null,
            "vpc_security_group_ids": [
              "sg-0d9d039012633e8c4"
            ]
          },
          "depends_on": [
            "aws_key_pair.generated_key",
            "aws_security_group.nat_sg"
          ]
        }
      ]
    },
    {
      "mode": "managed",
      "type": "aws_key_pair",
      "name": "generated_key",
      "provider": "provider.aws",
      "instances": [
        {
          "schema_version": 1,
          "attributes": {
            "arn": "arn:aws:ec2:eu-central-1:431384745395:key-pair/nat_key",
            "fingerprint": "16:7b:2c:00:04:e3:e1:51:ef:fa:cd:a7:ce:6c:02:bc",
            "id": "nat_key",
            "key_name": "nat_key",
            "key_name_prefix": null,
            "key_pair_id": "key-0d3e9553843b6b605",
            "public_key": "ssh-rsa AAAAB3NzaC1yc2EAAAADAQABAAABAQDFIXRmitF6uYCCilfEn7sxmhjY4gWoNsDLXu5e/9rAQ/YM/LFCdQvqrh8x/GRUCh/DEv6di+fv3Uwokljc5yILYFpuEX3C45J48++a2xNNooYcbHkAxcptC8ttk6S9lNWD2YAiUTQkLydajMVtNczf9MqackhNuwUhMmSKFU4DC0OGx4gBz7kHmquHmV5xKN1oDwyp5+6WCpXLCSSb9NZihd+45/G7mCT8397I24zu7eB8H/vOCQu5C7jalUXJn+lovDe/Egj9JYpTQw+iOcpYAguzQ6phdWH81cmGXs0COHh5AITIF9+78+ouhc8C0dIZW4roRpnWOP5PQDGDMUJP",
            "tags": {}
          },
          "depends_on": [
            "tls_private_key.nat_key"
          ]
        }
      ]
    },
    {
      "mode": "managed",
      "type": "aws_security_group",
      "name": "nat_sg",
      "provider": "provider.aws",
      "instances": [
        {
          "schema_version": 1,
          "attributes": {
            "arn": "arn:aws:ec2:eu-central-1:431384745395:security-group/sg-0d9d039012633e8c4",
            "description": "Allow HTTP and SSH traffic via Terraform",
            "egress": [
              {
                "cidr_blocks": [
                  "0.0.0.0/0"
                ],
                "description": "",
                "from_port": 0,
                "ipv6_cidr_blocks": [],
                "prefix_list_ids": [],
                "protocol": "-1",
                "security_groups": [],
                "self": false,
                "to_port": 0
              }
            ],
            "id": "sg-0d9d039012633e8c4",
            "ingress": [
              {
                "cidr_blocks": [
                  "0.0.0.0/0"
                ],
                "description": "",
                "from_port": 22,
                "ipv6_cidr_blocks": [],
                "prefix_list_ids": [],
                "protocol": "tcp",
                "security_groups": [],
                "self": false,
                "to_port": 22
              },
              {
                "cidr_blocks": [
                  "0.0.0.0/0"
                ],
                "description": "",
                "from_port": 80,
                "ipv6_cidr_blocks": [],
                "prefix_list_ids": [],
                "protocol": "tcp",
                "security_groups": [],
                "self": false,
                "to_port": 80
              }
            ],
            "name": "nat_sg",
            "name_prefix": "",
            "owner_id": "431384745395",
            "revoke_rules_on_delete": false,
            "tags": {},
            "timeouts": null,
            "vpc_id": "vpc-0c978c7db11ae32e9"
          }
        }
      ]
    },
    {
      "mode": "managed",
      "type": "local_file",
      "name": "key",
      "provider": "provider.local",
      "instances": [
        {
          "schema_version": 0,
          "attributes": {
            "content": "-----BEGIN RSA PRIVATE KEY-----\nMIIEpAIBAAKCAQEAxSF0ZorRermAgopXxJ+7MZoY2OIFqDbAy17uXv/awEP2DPyx\nQnUL6q4fMfxkVAofwxL+nYvn791MKJJY3OciC2BabhF9wuOSePPvmtsTTaKGHGx5\nAMXKbQvLbZOkvZTVg9mAIlE0JC8nWozFbTXM3/TKmnJITbsFITJkihVOAwtDhseI\nAc+5B5qrh5lecSjdaA8MqefulgqVywkkm/TWYoXfuOfxu5gk/N/eyNuM7u3gfB/7\nzgkLuQu42pVFyZ/paLw3vxII/SWKU0MPojnKWAILs0OqYXVh/NXJhl7NAjh4eQCE\nyBffu/PqLoXPAtHSGVuK6EaZ1jj+T0AxgzFCTwIDAQABAoIBAQC5Ic4bb0uEIiqa\nbio3Mnuu/bVQGhSOAb3WQPVEqqxZ3Hl7gOVIMHxcjeImI45ljox9u5z7gKT2E7Ku\nd6KU80x5uqeyryKYoPiyNwVTPWNHidbBYu3Q1/BfsK//3KTelqRfCyjXEcQSJ2ai\nF4piIiCiQ1by7VkSBw2uO5FITPHS0FyYk3Sj2rdR/hhq8sUNXr/oX356lHDaDUoS\nMvEbw38ePc1QrmYkK04alYZFZCsE40c+FvwQMK9U7d6PXYp92Cl1Zl2cHeViYcnm\nvmCgXwG6y1xOa2gTqEmfrPo9YFZF7bPXT8B6JcG6T2tZOPYdFfWjVt636OtQ0+hS\naueENUQBAoGBAPuGpaBAwo2ngWQOC4BClOkIeMJY43yEBz/FkuuO4ZevIqNgDZST\nE+UTF1u38BX52ZCtPL0RvSbJkce7lGVlLZ8eudcMW4sJ5QoLoZ0agIH/V7hR+GV/\nnqsI5mGE3KH/8OmwOgpXSCyw+KLSKiPN6Mw5d+TVtJG4K0Y7nvPtOFzPAoGBAMij\nHMahwlZ2nrOH0NmjrEXvBVELxuO10PDVrMejn+tBwA7Ikw+ROfzF+ycZVAM0101B\nxsT8f0XKs+AhEOhDsWYZsegZiL/d047eXVHcBu/1+/giDm6potE09cU7ciXKvnD/\nw4BFwtKSDladV7H4N3UB09WpH7xgaCfBBzyO2SKBAoGBAKZok+WtUspjWzC2Nhe6\ndUijyTlTk9YKh71CWwyrsEcpoLIUV4fHsu7orZiJ3ja74ZxdcQTp2onx7BgH24sl\n4IQY0P0c+OfJORZnUZpeMU1QgVm6KawFPhWMQtecDljDu0DwzcWPr3mZ8DXQ8/5S\nOcX7832bgeaywTarNWPOu25zAoGAfCD+Ep3NP/UPZn8mZR/v2yxvm56vo/2+kOGB\njdnbfI8nJX5ODZmJyKssIRp4catlcLS7JvAYRbOM6aNLdIc837AR80io5Bt3YbKN\nBbIc0KTdCLz5NNnak5gyXZ3TlzIB9KMn7to6GFCocknSEZdBqDBDQLLroX37smyn\n731pNQECgYB8DUFuvafeHSZI2ajW+cKAOdj8p+cH3E/TQnz28oloqHw1Z2jpUeGR\n+KGEyTo8tr7Y7mQQOCPKzzRwibmVAxzBpYdp/jxDoUdWM3vLj3sNN3522PBnKixZ\nOS/uv36bFJ3Mylf9q3cmvncr+KoRhkSYSWEJn376pTFa3inOEsF5rA==\n-----END RSA PRIVATE KEY-----\n",
            "content_base64": null,
            "directory_permission": "0777",
            "file_permission": "0400",
            "filename": "nat_key.pem",
            "id": "24ac0ca096ca6a58b1419f913dac21c37373c618",
            "sensitive_content": null,
            "source": null
          },
          "depends_on": [
            "tls_private_key.nat_key"
          ]
        }
      ]
    },
    {
      "mode": "managed",
      "type": "local_file",
      "name": "public_key",
      "provider": "provider.local",
      "instances": [
        {
          "schema_version": 0,
          "attributes": {
            "content": "ssh-rsa AAAAB3NzaC1yc2EAAAADAQABAAABAQDFIXRmitF6uYCCilfEn7sxmhjY4gWoNsDLXu5e/9rAQ/YM/LFCdQvqrh8x/GRUCh/DEv6di+fv3Uwokljc5yILYFpuEX3C45J48++a2xNNooYcbHkAxcptC8ttk6S9lNWD2YAiUTQkLydajMVtNczf9MqackhNuwUhMmSKFU4DC0OGx4gBz7kHmquHmV5xKN1oDwyp5+6WCpXLCSSb9NZihd+45/G7mCT8397I24zu7eB8H/vOCQu5C7jalUXJn+lovDe/Egj9JYpTQw+iOcpYAguzQ6phdWH81cmGXs0COHh5AITIF9+78+ouhc8C0dIZW4roRpnWOP5PQDGDMUJP",
            "content_base64": null,
            "directory_permission": "0777",
            "file_permission": "0777",
            "filename": "nat_key.pub",
            "id": "898130f9d785ef7c8a16a0a3f84ca08e15a5e615",
            "sensitive_content": null,
            "source": null
          },
          "depends_on": [
            "aws_key_pair.generated_key"
          ]
        }
      ]
    },
    {
      "mode": "managed",
      "type": "null_resource",
      "name": "create_hosts_file",
      "provider": "provider.null",
      "instances": [
        {
          "schema_version": 0,
          "attributes": {
            "id": "6566138310383416160",
            "triggers": {
              "public_ip": "3.65.206.128"
            }
          },
          "depends_on": [
            "aws_instance.nat_instance"
          ]
        }
      ]
    },
    {
      "mode": "managed",
      "type": "null_resource",
      "name": "run_ansible",
      "provider": "provider.null",
      "instances": [
        {
          "schema_version": 0,
          "attributes": {
            "id": "8518854014710717232",
            "triggers": {
              "hosts_file_created": "6566138310383416160"
            }
          },
          "depends_on": [
            "null_resource.create_hosts_file"
          ]
        }
      ]
    },
    {
      "mode": "managed",
      "type": "tls_private_key",
      "name": "nat_key",
      "provider": "provider.tls",
      "instances": [
        {
          "schema_version": 0,
          "attributes": {
            "algorithm": "RSA",
            "ecdsa_curve": "P224",
            "id": "26c2efa79012b0e3803aa67b0e7a66ae30870d88",
            "private_key_pem": "-----BEGIN RSA PRIVATE KEY-----\nMIIEpAIBAAKCAQEAxSF0ZorRermAgopXxJ+7MZoY2OIFqDbAy17uXv/awEP2DPyx\nQnUL6q4fMfxkVAofwxL+nYvn791MKJJY3OciC2BabhF9wuOSePPvmtsTTaKGHGx5\nAMXKbQvLbZOkvZTVg9mAIlE0JC8nWozFbTXM3/TKmnJITbsFITJkihVOAwtDhseI\nAc+5B5qrh5lecSjdaA8MqefulgqVywkkm/TWYoXfuOfxu5gk/N/eyNuM7u3gfB/7\nzgkLuQu42pVFyZ/paLw3vxII/SWKU0MPojnKWAILs0OqYXVh/NXJhl7NAjh4eQCE\nyBffu/PqLoXPAtHSGVuK6EaZ1jj+T0AxgzFCTwIDAQABAoIBAQC5Ic4bb0uEIiqa\nbio3Mnuu/bVQGhSOAb3WQPVEqqxZ3Hl7gOVIMHxcjeImI45ljox9u5z7gKT2E7Ku\nd6KU80x5uqeyryKYoPiyNwVTPWNHidbBYu3Q1/BfsK//3KTelqRfCyjXEcQSJ2ai\nF4piIiCiQ1by7VkSBw2uO5FITPHS0FyYk3Sj2rdR/hhq8sUNXr/oX356lHDaDUoS\nMvEbw38ePc1QrmYkK04alYZFZCsE40c+FvwQMK9U7d6PXYp92Cl1Zl2cHeViYcnm\nvmCgXwG6y1xOa2gTqEmfrPo9YFZF7bPXT8B6JcG6T2tZOPYdFfWjVt636OtQ0+hS\naueENUQBAoGBAPuGpaBAwo2ngWQOC4BClOkIeMJY43yEBz/FkuuO4ZevIqNgDZST\nE+UTF1u38BX52ZCtPL0RvSbJkce7lGVlLZ8eudcMW4sJ5QoLoZ0agIH/V7hR+GV/\nnqsI5mGE3KH/8OmwOgpXSCyw+KLSKiPN6Mw5d+TVtJG4K0Y7nvPtOFzPAoGBAMij\nHMahwlZ2nrOH0NmjrEXvBVELxuO10PDVrMejn+tBwA7Ikw+ROfzF+ycZVAM0101B\nxsT8f0XKs+AhEOhDsWYZsegZiL/d047eXVHcBu/1+/giDm6potE09cU7ciXKvnD/\nw4BFwtKSDladV7H4N3UB09WpH7xgaCfBBzyO2SKBAoGBAKZok+WtUspjWzC2Nhe6\ndUijyTlTk9YKh71CWwyrsEcpoLIUV4fHsu7orZiJ3ja74ZxdcQTp2onx7BgH24sl\n4IQY0P0c+OfJORZnUZpeMU1QgVm6KawFPhWMQtecDljDu0DwzcWPr3mZ8DXQ8/5S\nOcX7832bgeaywTarNWPOu25zAoGAfCD+Ep3NP/UPZn8mZR/v2yxvm56vo/2+kOGB\njdnbfI8nJX5ODZmJyKssIRp4catlcLS7JvAYRbOM6aNLdIc837AR80io5Bt3YbKN\nBbIc0KTdCLz5NNnak5gyXZ3TlzIB9KMn7to6GFCocknSEZdBqDBDQLLroX37smyn\n731pNQECgYB8DUFuvafeHSZI2ajW+cKAOdj8p+cH3E/TQnz28oloqHw1Z2jpUeGR\n+KGEyTo8tr7Y7mQQOCPKzzRwibmVAxzBpYdp/jxDoUdWM3vLj3sNN3522PBnKixZ\nOS/uv36bFJ3Mylf9q3cmvncr+KoRhkSYSWEJn376pTFa3inOEsF5rA==\n-----END RSA PRIVATE KEY-----\n",
            "public_key_fingerprint_md5": "c6:4b:13:44:27:52:f5:96:07:70:3c:41:51:83:8d:4d",
            "public_key_openssh": "ssh-rsa AAAAB3NzaC1yc2EAAAADAQABAAABAQDFIXRmitF6uYCCilfEn7sxmhjY4gWoNsDLXu5e/9rAQ/YM/LFCdQvqrh8x/GRUCh/DEv6di+fv3Uwokljc5yILYFpuEX3C45J48++a2xNNooYcbHkAxcptC8ttk6S9lNWD2YAiUTQkLydajMVtNczf9MqackhNuwUhMmSKFU4DC0OGx4gBz7kHmquHmV5xKN1oDwyp5+6WCpXLCSSb9NZihd+45/G7mCT8397I24zu7eB8H/vOCQu5C7jalUXJn+lovDe/Egj9JYpTQw+iOcpYAguzQ6phdWH81cmGXs0COHh5AITIF9+78+ouhc8C0dIZW4roRpnWOP5PQDGDMUJP\n",
            "public_key_pem": "-----BEGIN PUBLIC KEY-----\nMIIBIjANBgkqhkiG9w0BAQEFAAOCAQ8AMIIBCgKCAQEAxSF0ZorRermAgopXxJ+7\nMZoY2OIFqDbAy17uXv/awEP2DPyxQnUL6q4fMfxkVAofwxL+nYvn791MKJJY3Oci\nC2BabhF9wuOSePPvmtsTTaKGHGx5AMXKbQvLbZOkvZTVg9mAIlE0JC8nWozFbTXM\n3/TKmnJITbsFITJkihVOAwtDhseIAc+5B5qrh5lecSjdaA8MqefulgqVywkkm/TW\nYoXfuOfxu5gk/N/eyNuM7u3gfB/7zgkLuQu42pVFyZ/paLw3vxII/SWKU0MPojnK\nWAILs0OqYXVh/NXJhl7NAjh4eQCEyBffu/PqLoXPAtHSGVuK6EaZ1jj+T0AxgzFC\nTwIDAQAB\n-----END PUBLIC KEY-----\n",
            "rsa_bits": 2048
          }
        }
      ]
    }
  ]
}